golang.org/x/example/hello v0.0.0-20250605160450-8b405629c4a5 h1:y7FpuMIm/GbGaqRK6D9bUTHCTBgjZmhY+QayQjA8lc0=
golang.org/x/example/hello v0.0.0-20250605160450-8b405629c4a5/go.mod h1:UhUKOXx5fMcLZxwL20DUrWWBBoRYG9Jvc8FiwZhRHCI=
golang.org/x/text v0.6.0 h1:3XmdazWV+ubf7QgHSTWeykHOci5oeekaGJBLkrkaw4k=
golang.org/x/text v0.6.0/go.mod h1:mrYo+phRRbMaCq/xk9113O4dZlRixOauAjOtrjsXDZ8=
